
Microsoft Visual Studio Solution File, Format Version 12.00
# Visual Studio 14
VisualStudioVersion = 14.0.25420.1
MinimumVisualStudioVersion = 10.0.40219.1
Project("{FAE04EC0-301F-11D3-BF4B-00C04F79EFBC}") = "ProAppWebApi", "ProAppWebApi\ProAppWebApi.csproj", "{A27AC88E-15C0-4CC8-B00A-2B0E6C89C66F}"
EndProject
Project("{FAE04EC0-301F-11D3-BF4B-00C04F79EFBC}") = "DAL", "DAL\DAL.csproj", "{F694D6B0-C057-481C-B955-D8EF50E652E8}"
EndProject
Project("{FAE04EC0-301F-11D3-BF4B-00C04F79EFBC}") = "SignalRSelfHost", "SignalRSelfHost\SignalRSelfHost.csproj", "{1CE9F480-201A-4CDC-9D49-1C5DDBD194DB}"
EndProject
Global
	GlobalSection(SolutionConfigurationPlatforms) = preSolution
		Debug|Any CPU = Debug|Any CPU
		Release|Any CPU = Release|Any CPU
	EndGlobalSection
	GlobalSection(ProjectConfigurationPlatforms) = postSolution
		{A27AC88E-15C0-4CC8-B00A-2B0E6C89C66F}.Debug|Any CPU.ActiveCfg = Debug|Any CPU
		{A27AC88E-15C0-4CC8-B00A-2B0E6C89C66F}.Debug|Any CPU.Build.0 = Debug|Any CPU
		{A27AC88E-15C0-4CC8-B00A-2B0E6C89C66F}.Release|Any CPU.ActiveCfg = Release|Any CPU
		{A27AC88E-15C0-4CC8-B00A-2B0E6C89C66F}.Release|Any CPU.Build.0 = Release|Any CPU
		{F694D6B0-C057-481C-B955-D8EF50E652E8}.Debug|Any CPU.ActiveCfg = Debug|Any CPU
		{F694D6B0-C057-481C-B955-D8EF50E652E8}.Debug|Any CPU.Build.0 = Debug|Any CPU
		{F694D6B0-C057-481C-B955-D8EF50E652E8}.Release|Any CPU.ActiveCfg = Release|Any CPU
		{F694D6B0-C057-481C-B955-D8EF50E652E8}.Release|Any CPU.Build.0 = Release|Any CPU
		{1CE9F480-201A-4CDC-9D49-1C5DDBD194DB}.Debug|Any CPU.ActiveCfg = Debug|Any CPU
		{1CE9F480-201A-4CDC-9D49-1C5DDBD194DB}.Debug|Any CPU.Build.0 = Debug|Any CPU
		{1CE9F480-201A-4CDC-9D49-1C5DDBD194DB}.Release|Any CPU.ActiveCfg = Release|Any CPU
		{1CE9F480-201A-4CDC-9D49-1C5DDBD194DB}.Release|Any CPU.Build.0 = Release|Any CPU
	EndGlobalSection
	GlobalSection(SolutionProperties) = preSolution
		HideSolutionNode = FALSE
	EndGlobalSection
EndGlobal
